
Microsoft Visual Studio Solution File, Format Version 12.00
# Visual Studio Version 17
VisualStudioVersion = 17.14.36616.10 d17.14
MinimumVisualStudioVersion = 10.0.40219.1
Project("{F184B08F-C81C-45F6-A57F-5ABD9991F28F}") = "HtmlBasic", "HtmlBasic.vbproj", "{D068AF2A-51F0-587E-0AD9-58535D790EE0}"
EndProject
Global
	GlobalSection(SolutionConfigurationPlatforms) = preSolution
		Debug|Any CPU = Debug|Any CPU
		Release|Any CPU = Release|Any CPU
	EndGlobalSection
	GlobalSection(ProjectConfigurationPlatforms) = postSolution
		{D068AF2A-51F0-587E-0AD9-58535D790EE0}.Debug|Any CPU.ActiveCfg = Debug|Any CPU
		{D068AF2A-51F0-587E-0AD9-58535D790EE0}.Debug|Any CPU.Build.0 = Debug|Any CPU
		{D068AF2A-51F0-587E-0AD9-58535D790EE0}.Release|Any CPU.ActiveCfg = Release|Any CPU
		{D068AF2A-51F0-587E-0AD9-58535D790EE0}.Release|Any CPU.Build.0 = Release|Any CPU
	EndGlobalSection
	GlobalSection(SolutionProperties) = preSolution
		HideSolutionNode = FALSE
	EndGlobalSection
	GlobalSection(ExtensibilityGlobals) = postSolution
		SolutionGuid = {A7D91FB6-FFE5-416C-AD0A-452FC47A8710}
	EndGlobalSection
EndGlobal
